
Microsoft Visual Studio Solution File, Format Version 12.00
# Visual Studio Version 17
VisualStudioVersion = 17.9.34723.18
MinimumVisualStudioVersion = 10.0.40219.1
Project("{8BC9CEB8-8B4A-11D0-8D11-00A0C91BC942}") = "sorting_without_interface_cpp", "sorting_without_interface_cpp\sorting_without_interface_cpp.vcxproj", "{C8FE13BD-C4FA-47E4-A423-18CB46D788FB}"
EndProject
Global
	GlobalSection(SolutionConfigurationPlatforms) = preSolution
		Debug|x64 = Debug|x64
		Debug|x86 = Debug|x86
		Release|x64 = Release|x64
		Release|x86 = Release|x86
	EndGlobalSection
	GlobalSection(ProjectConfigurationPlatforms) = postSolution
		{C8FE13BD-C4FA-47E4-A423-18CB46D788FB}.Debug|x64.ActiveCfg = Debug|x64
		{C8FE13BD-C4FA-47E4-A423-18CB46D788FB}.Debug|x64.Build.0 = Debug|x64
		{C8FE13BD-C4FA-47E4-A423-18CB46D788FB}.Debug|x86.ActiveCfg = Debug|Win32
		{C8FE13BD-C4FA-47E4-A423-18CB46D788FB}.Debug|x86.Build.0 = Debug|Win32
		{C8FE13BD-C4FA-47E4-A423-18CB46D788FB}.Release|x64.ActiveCfg = Release|x64
		{C8FE13BD-C4FA-47E4-A423-18CB46D788FB}.Release|x64.Build.0 = Release|x64
		{C8FE13BD-C4FA-47E4-A423-18CB46D788FB}.Release|x86.ActiveCfg = Release|Win32
		{C8FE13BD-C4FA-47E4-A423-18CB46D788FB}.Release|x86.Build.0 = Release|Win32
	EndGlobalSection
	GlobalSection(SolutionProperties) = preSolution
		HideSolutionNode = FALSE
	EndGlobalSection
	GlobalSection(ExtensibilityGlobals) = postSolution
		SolutionGuid = {3BDF501D-8092-47BD-8981-55241CD5FB35}
	EndGlobalSection
EndGlobal
